
Microsoft Visual Studio Solution File, Format Version 12.00
# Visual Studio Version 17
VisualStudioVersion = 17.4.33205.214
MinimumVisualStudioVersion = 10.0.40219.1
Project("{FAE04EC0-301F-11D3-BF4B-00C04F79EFBC}") = "Lesson3.WinForm", "Lesson3.WinForm\Lesson3.WinForm.csproj", "{A033CED0-B071-45D2-BE9D-5F477FC52A91}"
EndProject
Global
	GlobalSection(SolutionConfigurationPlatforms) = preSolution
		Debug|Any CPU = Debug|Any CPU
		Release|Any CPU = Release|Any CPU
	EndGlobalSection
	GlobalSection(ProjectConfigurationPlatforms) = postSolution
		{A033CED0-B071-45D2-BE9D-5F477FC52A91}.Debug|Any CPU.ActiveCfg = Debug|Any CPU
		{A033CED0-B071-45D2-BE9D-5F477FC52A91}.Debug|Any CPU.Build.0 = Debug|Any CPU
		{A033CED0-B071-45D2-BE9D-5F477FC52A91}.Release|Any CPU.ActiveCfg = Release|Any CPU
		{A033CED0-B071-45D2-BE9D-5F477FC52A91}.Release|Any CPU.Build.0 = Release|Any CPU
	EndGlobalSection
	GlobalSection(SolutionProperties) = preSolution
		HideSolutionNode = FALSE
	EndGlobalSection
	GlobalSection(ExtensibilityGlobals) = postSolution
		SolutionGuid = {CEB4D7A1-8EAD-42B6-A193-5418E19569E3}
	EndGlobalSection
EndGlobal
